
Microsoft Visual Studio Solution File, Format Version 12.00
# Visual Studio Version 16
VisualStudioVersion = 16.0.29102.190
MinimumVisualStudioVersion = 10.0.40219.1
Project("{FAE04EC0-301F-11D3-BF4B-00C04F79EFBC}") = "NWS.WeatherDataService", "NWS.WeatherDataService\NWS.WeatherDataService.csproj", "{84724EFB-60EA-435B-9E62-73E359D3DF22}"
EndProject
Project("{FAE04EC0-301F-11D3-BF4B-00C04F79EFBC}") = "NWS.WebClient", "NWS.WebClient\NWS.WebClient.csproj", "{DD0DEF36-ABCE-48B0-B319-AC69B74D7179}"
EndProject
Project("{FAE04EC0-301F-11D3-BF4B-00C04F79EFBC}") = "NWS.Model", "NWS.Model\NWS.Model.csproj", "{5A11D827-7EB8-4F34-971C-7E62FD302BF5}"
EndProject
Project("{FAE04EC0-301F-11D3-BF4B-00C04F79EFBC}") = "NWS.WebClient.Default", "NWS.WebClient.Default\NWS.WebClient.Default.csproj", "{487EB00D-9741-43E0-9695-6083F50B1B75}"
EndProject
Project("{FAE04EC0-301F-11D3-BF4B-00C04F79EFBC}") = "NWS.WeatherDataService.Tests", "NWS.WeatherDataService.Tests\NWS.WeatherDataService.Tests.csproj", "{F9FA8ABC-DEAB-41BE-8738-22FDCC696383}"
EndProject
Global
	GlobalSection(SolutionConfigurationPlatforms) = preSolution
		Debug|Any CPU = Debug|Any CPU
		Release|Any CPU = Release|Any CPU
	EndGlobalSection
	GlobalSection(ProjectConfigurationPlatforms) = postSolution
		{84724EFB-60EA-435B-9E62-73E359D3DF22}.Debug|Any CPU.ActiveCfg = Debug|Any CPU
		{84724EFB-60EA-435B-9E62-73E359D3DF22}.Debug|Any CPU.Build.0 = Debug|Any CPU
		{84724EFB-60EA-435B-9E62-73E359D3DF22}.Release|Any CPU.ActiveCfg = Release|Any CPU
		{84724EFB-60EA-435B-9E62-73E359D3DF22}.Release|Any CPU.Build.0 = Release|Any CPU
		{DD0DEF36-ABCE-48B0-B319-AC69B74D7179}.Debug|Any CPU.ActiveCfg = Debug|Any CPU
		{DD0DEF36-ABCE-48B0-B319-AC69B74D7179}.Debug|Any CPU.Build.0 = Debug|Any CPU
		{DD0DEF36-ABCE-48B0-B319-AC69B74D7179}.Release|Any CPU.ActiveCfg = Release|Any CPU
		{DD0DEF36-ABCE-48B0-B319-AC69B74D7179}.Release|Any CPU.Build.0 = Release|Any CPU
		{5A11D827-7EB8-4F34-971C-7E62FD302BF5}.Debug|Any CPU.ActiveCfg = Debug|Any CPU
		{5A11D827-7EB8-4F34-971C-7E62FD302BF5}.Debug|Any CPU.Build.0 = Debug|Any CPU
		{5A11D827-7EB8-4F34-971C-7E62FD302BF5}.Release|Any CPU.ActiveCfg = Release|Any CPU
		{5A11D827-7EB8-4F34-971C-7E62FD302BF5}.Release|Any CPU.Build.0 = Release|Any CPU
		{487EB00D-9741-43E0-9695-6083F50B1B75}.Debug|Any CPU.ActiveCfg = Debug|Any CPU
		{487EB00D-9741-43E0-9695-6083F50B1B75}.Debug|Any CPU.Build.0 = Debug|Any CPU
		{487EB00D-9741-43E0-9695-6083F50B1B75}.Release|Any CPU.ActiveCfg = Release|Any CPU
		{487EB00D-9741-43E0-9695-6083F50B1B75}.Release|Any CPU.Build.0 = Release|Any CPU
		{F9FA8ABC-DEAB-41BE-8738-22FDCC696383}.Debug|Any CPU.ActiveCfg = Debug|Any CPU
		{F9FA8ABC-DEAB-41BE-8738-22FDCC696383}.Debug|Any CPU.Build.0 = Debug|Any CPU
		{F9FA8ABC-DEAB-41BE-8738-22FDCC696383}.Release|Any CPU.ActiveCfg = Release|Any CPU
		{F9FA8ABC-DEAB-41BE-8738-22FDCC696383}.Release|Any CPU.Build.0 = Release|Any CPU
	EndGlobalSection
	GlobalSection(SolutionProperties) = preSolution
		HideSolutionNode = FALSE
	EndGlobalSection
	GlobalSection(ExtensibilityGlobals) = postSolution
		SolutionGuid = {B50CD768-931A-4099-803A-1411680F7967}
	EndGlobalSection
EndGlobal
