
Microsoft Visual Studio Solution File, Format Version 12.00
# Visual Studio Version 17
VisualStudioVersion = 17.0.31903.59
MinimumVisualStudioVersion = 10.0.40219.1
Project("{9A19103F-16F7-4668-BE54-9A1E7A4F7556}") = "NWS.Model", "NationalWeatherService\NWS.Model\NWS.Model.csproj", "{91A3951A-5D75-40A6-9C36-5E39B2D31A39}"
EndProject
Project("{9A19103F-16F7-4668-BE54-9A1E7A4F7556}") = "NWS.WeatherDataService", "NationalWeatherService\NWS.WeatherDataService\NWS.WeatherDataService.csproj", "{82633540-18F2-4C2B-9A65-C8A26A71468D}"
EndProject
Project("{9A19103F-16F7-4668-BE54-9A1E7A4F7556}") = "NWS.WeatherDataService.Tests", "NationalWeatherService\NWS.WeatherDataService.Tests\NWS.WeatherDataService.Tests.csproj", "{2B843DF1-2AAE-4CAF-9865-6263D234E5D9}"
EndProject
Project("{9A19103F-16F7-4668-BE54-9A1E7A4F7556}") = "NWS.WebClient", "NationalWeatherService\NWS.WebClient\NWS.WebClient.csproj", "{9BD0A62F-9225-4884-9827-94A06E35A4BE}"
EndProject
Project("{9A19103F-16F7-4668-BE54-9A1E7A4F7556}") = "NWS.WebClient.Default", "NationalWeatherService\NWS.WebClient.Default\NWS.WebClient.Default.csproj", "{C2B3E974-E1C9-40F4-BCCC-294C5DE45E7E}"
EndProject
Project("{9A19103F-16F7-4668-BE54-9A1E7A4F7556}") = "NWS.ConsoleDemoApp", "NWS.ConsoleDemoApp\NWS.ConsoleDemoApp.csproj", "{6E72DC33-1FF6-4E34-9C26-8ADAF7338C68}"
EndProject
Project("{2150E333-8FDC-42A3-9474-1A3956D46DE8}") = "Solution Items", "Solution Items", "{DFA1254B-91C8-48DD-8EFF-BE46FC44A5D0}"
	ProjectSection(SolutionItems) = preProject
		.gitignore = .gitignore
		LICENSE = LICENSE
		README.md = README.md
	EndProjectSection
EndProject
Global
	GlobalSection(SolutionConfigurationPlatforms) = preSolution
		Debug|Any CPU = Debug|Any CPU
		Release|Any CPU = Release|Any CPU
	EndGlobalSection
	GlobalSection(ProjectConfigurationPlatforms) = postSolution
		{91A3951A-5D75-40A6-9C36-5E39B2D31A39}.Debug|Any CPU.ActiveCfg = Debug|Any CPU
		{91A3951A-5D75-40A6-9C36-5E39B2D31A39}.Debug|Any CPU.Build.0 = Debug|Any CPU
		{91A3951A-5D75-40A6-9C36-5E39B2D31A39}.Release|Any CPU.ActiveCfg = Release|Any CPU
		{91A3951A-5D75-40A6-9C36-5E39B2D31A39}.Release|Any CPU.Build.0 = Release|Any CPU
		{82633540-18F2-4C2B-9A65-C8A26A71468D}.Debug|Any CPU.ActiveCfg = Debug|Any CPU
		{82633540-18F2-4C2B-9A65-C8A26A71468D}.Debug|Any CPU.Build.0 = Debug|Any CPU
		{82633540-18F2-4C2B-9A65-C8A26A71468D}.Release|Any CPU.ActiveCfg = Release|Any CPU
		{82633540-18F2-4C2B-9A65-C8A26A71468D}.Release|Any CPU.Build.0 = Release|Any CPU
		{2B843DF1-2AAE-4CAF-9865-6263D234E5D9}.Debug|Any CPU.ActiveCfg = Debug|Any CPU
		{2B843DF1-2AAE-4CAF-9865-6263D234E5D9}.Debug|Any CPU.Build.0 = Debug|Any CPU
		{2B843DF1-2AAE-4CAF-9865-6263D234E5D9}.Release|Any CPU.ActiveCfg = Release|Any CPU
		{2B843DF1-2AAE-4CAF-9865-6263D234E5D9}.Release|Any CPU.Build.0 = Release|Any CPU
		{9BD0A62F-9225-4884-9827-94A06E35A4BE}.Debug|Any CPU.ActiveCfg = Debug|Any CPU
		{9BD0A62F-9225-4884-9827-94A06E35A4BE}.Debug|Any CPU.Build.0 = Debug|Any CPU
		{9BD0A62F-9225-4884-9827-94A06E35A4BE}.Release|Any CPU.ActiveCfg = Release|Any CPU
		{9BD0A62F-9225-4884-9827-94A06E35A4BE}.Release|Any CPU.Build.0 = Release|Any CPU
		{C2B3E974-E1C9-40F4-BCCC-294C5DE45E7E}.Debug|Any CPU.ActiveCfg = Debug|Any CPU
		{C2B3E974-E1C9-40F4-BCCC-294C5DE45E7E}.Debug|Any CPU.Build.0 = Debug|Any CPU
		{C2B3E974-E1C9-40F4-BCCC-294C5DE45E7E}.Release|Any CPU.ActiveCfg = Release|Any CPU
		{C2B3E974-E1C9-40F4-BCCC-294C5DE45E7E}.Release|Any CPU.Build.0 = Release|Any CPU
		{6E72DC33-1FF6-4E34-9C26-8ADAF7338C68}.Debug|Any CPU.ActiveCfg = Debug|Any CPU
		{6E72DC33-1FF6-4E34-9C26-8ADAF7338C68}.Debug|Any CPU.Build.0 = Debug|Any CPU
		{6E72DC33-1FF6-4E34-9C26-8ADAF7338C68}.Release|Any CPU.ActiveCfg = Release|Any CPU
		{6E72DC33-1FF6-4E34-9C26-8ADAF7338C68}.Release|Any CPU.Build.0 = Release|Any CPU
	EndGlobalSection
	GlobalSection(SolutionProperties) = preSolution
		HideSolutionNode = FALSE
	EndGlobalSection
	GlobalSection(ExtensibilityGlobals) = postSolution
		SolutionGuid = {B50CD768-931A-4099-803A-1411680F7967}
	EndGlobalSection
EndGlobal
